#MicroXplorer Configuration settings - do not modify
File.Version=6
KeepUserPlacement=false
Mcu.Family=STM32L1
Mcu.IP0=NVIC
Mcu.IP1=RCC
Mcu.IPNb=2
Mcu.Name=STM32L152R(6-8-B)Tx
Mcu.Package=LQFP64
Mcu.PinsNb=0
Mcu.UserConstants=
Mcu.UserName=STM32L152RBTx
MxCube.Version=4.20.0
MxDb.Version=DB.4.0.200
NVIC.BusFault_IRQn=true\:0\:0\:false\:false\:true
NVIC.DebugMonitor_IRQn=true\:0\:0\:false\:false\:true
NVIC.HardFault_IRQn=true\:0\:0\:false\:false\:true
NVIC.MemoryManagement_IRQn=true\:0\:0\:false\:false\:true
NVIC.NonMaskableInt_IRQn=true\:0\:0\:false\:false\:true
NVIC.PendSV_IRQn=true\:0\:0\:false\:false\:true
NVIC.PriorityGroup=NVIC_PRIORITYGROUP_4
NVIC.SVC_IRQn=true\:0\:0\:false\:false\:true
NVIC.SysTick_IRQn=true\:0\:0\:false\:false\:true
NVIC.UsageFault_IRQn=true\:0\:0\:false\:false\:true
PCC.Checker=true
PCC.Line=STM32L151/152
PCC.MCU=STM32L152R(6-8-B)Tx
PCC.MXVersion=4.20.0
PCC.PartNumber=STM32L152RBTx
PCC.Seq0=0
PCC.Series=STM32L1
PCC.Temperature=25
PCC.Vdd=3.6
ProjectManager.AskForMigrate=true
ProjectManager.BackupPrevious=false
ProjectManager.CompilerOptimize=2
ProjectManager.ComputerToolchain=false
ProjectManager.CoupleFile=true
ProjectManager.CustomerFirmwarePackage=C\:/Users/User/STM32Cube/Repository/STM32Cube_FW_L1_V1.6.0
ProjectManager.DefaultFWLocation=true
ProjectManager.DeletePrevious=true
ProjectManager.DeviceId=STM32L152RBTx
ProjectManager.FirmwarePackage=STM32Cube FW_L1 V1.6.0
ProjectManager.FreePins=false
ProjectManager.HalAssertFull=false
ProjectManager.HeapSize=0x200
ProjectManager.KeepUserCode=true
ProjectManager.LastFirmware=true
ProjectManager.LibraryCopy=0
ProjectManager.PreviousToolchain=
ProjectManager.ProjectBuild=false
ProjectManager.ProjectFileName=BootLoader_L1.ioc
ProjectManager.ProjectName=BootLoader_L1
ProjectManager.StackSize=0x400
ProjectManager.TargetToolchain=MDK-ARM V5
ProjectManager.ToolChainLocation=
ProjectManager.UnderRoot=false
ProjectManager.functionlistsort=1-SystemClock_Config-RCC-false-HAL
RCC.ADCEnable=false
RCC.AHBFreq_Value=2097000
RCC.APB1Freq_Value=2097000
RCC.APB2Freq_Value=2097000
RCC.EnableCSSLSE=false
RCC.EnableHSE=false
RCC.EnableHSELCDDevisor=false
RCC.EnableHSERTCDevisor=false
RCC.EnableLSE=false
RCC.EnableLSERTC=false
RCC.EnbaleCSS=false
RCC.FamilyName=M
RCC.HSEState=RCC_HSE_OFF
RCC.HSE_VALUE=24000000
RCC.HSI_VALUE=16000000
RCC.IPParameters=ADCEnable,AHBFreq_Value,APB1Freq_Value,APB2Freq_Value,EnableCSSLSE,EnableHSE,EnableHSELCDDevisor,EnableHSERTCDevisor,EnableLSE,EnableLSERTC,EnbaleCSS,FamilyName,HSEState,HSE_VALUE,HSI_VALUE,IWDGEnable,LCDEnable,LSE_VALUE,LSIState,LSI_VALUE,MCOEnable,MSI_VALUE,OscillatorTypeHSE,OscillatorTypeLSI,OscillatorTypeMSI,PLLCLKFreq_Value,PLLSource,PLLState,RTCEnable,RTCFreq_Value,RTCHSEDivFreq_Value,SYSCLKFreq_VALUE,TIMFreq_Value,USBEnable,VCOOutputFreq_Value
RCC.IWDGEnable=false
RCC.LCDEnable=false
RCC.LSE_VALUE=32768
RCC.LSIState=RCC_LSI_OFF
RCC.LSI_VALUE=37000
RCC.MCOEnable=false
RCC.MSI_VALUE=2097000
RCC.OscillatorTypeHSE=
RCC.OscillatorTypeLSI=
RCC.OscillatorTypeMSI=RCC_OSCILLATORTYPE_MSI
RCC.PLLCLKFreq_Value=24000000
RCC.PLLSource=RCC_PLLSOURCE_HSI
RCC.PLLState=RCC_PLL_OFF
RCC.RTCEnable=false
RCC.RTCFreq_Value=37000
RCC.RTCHSEDivFreq_Value=12000000
RCC.SYSCLKFreq_VALUE=2097000
RCC.TIMFreq_Value=2097000
RCC.USBEnable=false
RCC.VCOOutputFreq_Value=48000000
board=BootLoader_L1
